
Microsoft Visual Studio Solution File, Format Version 12.00
# Visual Studio Version 17
VisualStudioVersion = 17.8.34511.84
MinimumVisualStudioVersion = 10.0.40219.1
Project("{FAE04EC0-301F-11D3-BF4B-00C04F79EFBC}") = "Proiect Paw Hotel", "Proiect Paw Hotel.csproj", "{0FEEF093-FDC2-408D-BE36-F848A4A775B2}"
EndProject
Global
	GlobalSection(SolutionConfigurationPlatforms) = preSolution
		Debug|Any CPU = Debug|Any CPU
		Release|Any CPU = Release|Any CPU
	EndGlobalSection
	GlobalSection(ProjectConfigurationPlatforms) = postSolution
		{0FEEF093-FDC2-408D-BE36-F848A4A775B2}.Debug|Any CPU.ActiveCfg = Debug|Any CPU
		{0FEEF093-FDC2-408D-BE36-F848A4A775B2}.Debug|Any CPU.Build.0 = Debug|Any CPU
		{0FEEF093-FDC2-408D-BE36-F848A4A775B2}.Release|Any CPU.ActiveCfg = Release|Any CPU
		{0FEEF093-FDC2-408D-BE36-F848A4A775B2}.Release|Any CPU.Build.0 = Release|Any CPU
	EndGlobalSection
	GlobalSection(SolutionProperties) = preSolution
		HideSolutionNode = FALSE
	EndGlobalSection
	GlobalSection(ExtensibilityGlobals) = postSolution
		SolutionGuid = {D52AC765-C908-4E33-9C1E-72F13D378F21}
	EndGlobalSection
EndGlobal
